{
  "name": "ai-chat",
  "version": "1.0.0",
  "lockfileVersion": 3,
  "requires": true,
  "packages": {
    "": {
      "name": "ai-chat",
      "version": "1.0.0",
      "license": "ISC",
      "dependencies": {
        "balanced-match": "^1.0.2",
        "brace-expansion": "^2.0.2",
        "commander": "^14.0.0",
        "editorconfig": "^3.0.1",
        "minimatch": "^10.0.1",
        "prettier": "^3.6.2",
        "prettier-plugin-zh": "^0.6.0",
        "semver": "^7.7.2"
      }
    },
    "node_modules/@one-ini/wasm": {
      "version": "0.2.0",
      "license": "MIT"
    },
    "node_modules/balanced-match": {
      "version": "1.0.2",
      "license": "MIT"
    },
    "node_modules/brace-expansion": {
      "version": "2.0.2",
      "license": "MIT",
      "dependencies": {
        "balanced-match": "^1.0.0"
      }
    },
    "node_modules/commander": {
      "version": "14.0.0",
      "license": "MIT",
      "engines": {
        "node": ">=20"
      }
    },
    "node_modules/editorconfig": {
      "version": "3.0.1",
      "license": "MIT",
      "dependencies": {
        "@one-ini/wasm": "0.2.0",
        "commander": "^14.0.0",
        "minimatch": "10.0.1",
        "semver": "^7.7.2"
      },
      "bin": {
        "editorconfig": "bin/editorconfig"
      },
      "engines": {
        "node": ">=20"
      }
    },
    "node_modules/minimatch": {
      "version": "10.0.1",
      "license": "ISC",
      "dependencies": {
        "brace-expansion": "^2.0.1"
      },
      "engines": {
        "node": "20 || >=22"
      },
      "funding": {
        "url": "https://github.com/sponsors/isaacs"
      }
    },
    "node_modules/prettier": {
      "version": "3.6.2",
      "license": "MIT",
      "bin": {
        "prettier": "bin/prettier.cjs"
      },
      "engines": {
        "node": ">=14"
      },
      "funding": {
        "url": "https://github.com/prettier/prettier?sponsor=1"
      }
    },
    "node_modules/prettier-plugin-zh": {
      "version": "0.6.0",
      "license": "MIT",
      "dependencies": {
        "prettier": "^3.3.2"
      },
      "peerDependencies": {
        "prettier": ">=3"
      }
    },
    "node_modules/semver": {
      "version": "7.7.2",
      "license": "ISC",
      "bin": {
        "semver": "bin/semver.js"
      },
      "engines": {
        "node": ">=10"
      }
    }
  }
}
